Microsoft Visual Studio Solution File, Format Version 12.00
# Visual Studio Version 17
VisualStudioVersion = 17.5.2.0
MinimumVisualStudioVersion = 10.0.40219.1
Project("{FAE04EC0-301F-11D3-BF4B-00C04F79EFBC}") = "URI_1047", "URI_1047\URI_1047.csproj", "{12BB01A9-E2DF-4CF9-798E-B3CD6859B7C0}"
EndProject
Project("{FAE04EC0-301F-11D3-BF4B-00C04F79EFBC}") = "URI_1048", "URI_1048\URI_1048.csproj", "{DF428FD1-9108-90F7-D697-C5FD9BEA3E37}"
EndProject
Project("{FAE04EC0-301F-11D3-BF4B-00C04F79EFBC}") = "URI_1049", "URI_1049\URI_1049.csproj", "{8B645F28-FFD4-3CA2-B4C6-E24BCD68DB44}"
EndProject
Project("{FAE04EC0-301F-11D3-BF4B-00C04F79EFBC}") = "URI_1050", "URI_1050\URI_1050.csproj", "{ECFF6D6B-5A55-4062-334B-7F185F7A89C5}"
EndProject
Project("{FAE04EC0-301F-11D3-BF4B-00C04F79EFBC}") = "URI_1051", "URI_1051\URI_1051.csproj", "{8E1E7BBD-BA53-A641-F5B5-044EA547C818}"
EndProject
Project("{FAE04EC0-301F-11D3-BF4B-00C04F79EFBC}") = "URI_1052", "URI_1052\URI_1052.csproj", "{B911B992-8D10-0D2B-A2ED-5E63FDAFDD7F}"
EndProject
Project("{FAE04EC0-301F-11D3-BF4B-00C04F79EFBC}") = "URI_1059", "URI_1059\URI_1059.csproj", "{33365BD8-55E4-33E2-C727-257D3F475686}"
EndProject
Project("{FAE04EC0-301F-11D3-BF4B-00C04F79EFBC}") = "URI_1060", "URI_1060\URI_1060.csproj", "{97CECD86-DAD2-2299-C710-ABACC972D787}"
EndProject
Project("{FAE04EC0-301F-11D3-BF4B-00C04F79EFBC}") = "URI_1061", "URI_1061\URI_1061.csproj", "{C6E9D546-BFDB-33CB-AB34-EC419C0C4C69}"
EndProject
Project("{FAE04EC0-301F-11D3-BF4B-00C04F79EFBC}") = "URI_1064", "URI_1064\URI_1064.csproj", "{637938FB-1360-C433-1037-D951C0FF7D9B}"
EndProject
Project("{FAE04EC0-301F-11D3-BF4B-00C04F79EFBC}") = "URI_1065", "URI_1065\URI_1065.csproj", "{BF129D6C-1050-ECF0-3EC5-AF008FF6D96A}"
EndProject
Project("{FAE04EC0-301F-11D3-BF4B-00C04F79EFBC}") = "URI_1066", "URI_1066\URI_1066.csproj", "{AD7248CF-9E08-FB10-F872-5A85843B9012}"
EndProject
Project("{FAE04EC0-301F-11D3-BF4B-00C04F79EFBC}") = "URI_1067", "URI_1067\URI_1067.csproj", "{20C6164D-EEA7-596E-0156-63C8F850ED5A}"
EndProject
Project("{FAE04EC0-301F-11D3-BF4B-00C04F79EFBC}") = "URI_1070", "URI_1070\URI_1070.csproj", "{047ADE5D-D8A6-B0BB-3E93-B584B97ABBE9}"
EndProject
Project("{FAE04EC0-301F-11D3-BF4B-00C04F79EFBC}") = "URI_1071", "URI_1071\URI_1071.csproj", "{4EE62B5C-C7F2-F931-D1F9-E6A7360F35CC}"
EndProject
Project("{FAE04EC0-301F-11D3-BF4B-00C04F79EFBC}") = "URI_1072", "URI_1072\URI_1072.csproj", "{FE740EDF-4E4C-5F9E-8B86-E288FF8B0E73}"
EndProject
Project("{FAE04EC0-301F-11D3-BF4B-00C04F79EFBC}") = "URI_1073", "URI_1073\URI_1073.csproj", "{4EC9D014-DE8D-65D8-4067-17FF6799556E}"
EndProject
Project("{FAE04EC0-301F-11D3-BF4B-00C04F79EFBC}") = "URI_1074", "URI_1074\URI_1074.csproj", "{4860D1B2-77E9-C0A1-96F5-BF317FF85907}"
EndProject
Project("{FAE04EC0-301F-11D3-BF4B-00C04F79EFBC}") = "URI_1075", "URI_1075\URI_1075.csproj", "{11C7FD9B-6846-F19B-A194-61A7F789B4B8}"
EndProject
Project("{FAE04EC0-301F-11D3-BF4B-00C04F79EFBC}") = "URI_1078", "URI_1078\URI_1078.csproj", "{F23CA4BF-7E63-2A3A-6289-E30A7A7CB57A}"
EndProject
Project("{FAE04EC0-301F-11D3-BF4B-00C04F79EFBC}") = "URI_1079", "URI_1079\URI_1079.csproj", "{7CC51409-FDA5-7DBE-5325-3CAA414B4279}"
EndProject
Project("{FAE04EC0-301F-11D3-BF4B-00C04F79EFBC}") = "URI_1080", "URI_1080\URI_1080.csproj", "{FA49E901-DF0D-CC7E-6F17-20B212910B25}"
EndProject
Project("{FAE04EC0-301F-11D3-BF4B-00C04F79EFBC}") = "URI_1094", "URI_1094\URI_1094.csproj", "{5E0CB40E-7561-FE79-23FD-20C7A6B5A7BF}"
EndProject
Project("{FAE04EC0-301F-11D3-BF4B-00C04F79EFBC}") = "URI_1095", "URI_1095\URI_1095.csproj", "{A2E1E4EE-E92D-05AD-C792-5300F35D0A8D}"
EndProject
Project("{FAE04EC0-301F-11D3-BF4B-00C04F79EFBC}") = "URI_1096", "URI_1096\URI_1096.csproj", "{C38AE8A0-CB3B-5F58-26B6-0AB13321B787}"
EndProject
Project("{FAE04EC0-301F-11D3-BF4B-00C04F79EFBC}") = "URI_1097", "URI_1097\URI_1097.csproj", "{938F301D-2F43-D22F-7C75-593EE15F3507}"
EndProject
Project("{FAE04EC0-301F-11D3-BF4B-00C04F79EFBC}") = "URI_1098", "URI_1098\URI_1098.csproj", "{D7FBA733-22FC-0EA4-16D4-4F30A0B9F105}"
EndProject
Project("{FAE04EC0-301F-11D3-BF4B-00C04F79EFBC}") = "URI_1099", "URI_1099\URI_1099.csproj", "{232FAC41-7804-8183-CB85-4ADAB116EC4E}"
EndProject
Project("{FAE04EC0-301F-11D3-BF4B-00C04F79EFBC}") = "URI_1101", "URI_1101\URI_1101.csproj", "{4F4F1DA5-F00A-C274-1308-8DB5C88D7581}"
EndProject
Project("{FAE04EC0-301F-11D3-BF4B-00C04F79EFBC}") = "URI_1113", "URI_1113\URI_1113.csproj", "{0C8B56C3-ABC5-3B25-DFC8-4DE2C4DFF69F}"
EndProject
Project("{FAE04EC0-301F-11D3-BF4B-00C04F79EFBC}") = "URI_1114", "URI_1114\URI_1114.csproj", "{622E0BF4-64D1-1726-225B-E2534B2F3CC8}"
EndProject
Project("{FAE04EC0-301F-11D3-BF4B-00C04F79EFBC}") = "URI_1115", "URI_1115\URI_1115.csproj", "{4D36B089-B442-DABC-77F6-1D25FE02B800}"
EndProject
Project("{FAE04EC0-301F-11D3-BF4B-00C04F79EFBC}") = "URI_1116", "URI_1116\URI_1116.csproj", "{36F3E716-E37D-BE44-7A67-E5F252790D82}"
EndProject
Project("{FAE04EC0-301F-11D3-BF4B-00C04F79EFBC}") = "URI_1117", "URI_1117\URI_1117.csproj", "{3C6145B6-9CBB-838B-1C21-802503CD810B}"
EndProject
Project("{FAE04EC0-301F-11D3-BF4B-00C04F79EFBC}") = "URI_1118", "URI_1118\URI_1118.csproj", "{9092D42A-E1C2-3B2B-583F-7FD3CAFACB64}"
EndProject
Project("{FAE04EC0-301F-11D3-BF4B-00C04F79EFBC}") = "URI_1131", "URI_1131\URI_1131.csproj", "{F99BB840-4AF9-EA9F-89B1-020FAF8F6DDE}"
EndProject
Project("{FAE04EC0-301F-11D3-BF4B-00C04F79EFBC}") = "URI_1132", "URI_1132\URI_1132.csproj", "{DEF6F508-042D-FFD3-D1C4-B6708993BC22}"
EndProject
Project("{FAE04EC0-301F-11D3-BF4B-00C04F79EFBC}") = "URI_1133", "URI_1133\URI_1133.csproj", "{A930C090-023F-3F32-C0C4-20B9A11652A8}"
EndProject
Project("{FAE04EC0-301F-11D3-BF4B-00C04F79EFBC}") = "URI_1134", "URI_1134\URI_1134.csproj", "{DB084138-0784-4128-DE07-F47936471F83}"
EndProject
Project("{FAE04EC0-301F-11D3-BF4B-00C04F79EFBC}") = "URI_1142", "URI_1142\URI_1142.csproj", "{541C0E87-B4EF-45F3-EA51-5F4E6E8CC340}"
EndProject
Project("{FAE04EC0-301F-11D3-BF4B-00C04F79EFBC}") = "URI_1143", "URI_1143\URI_1143.csproj", "{3B414B48-2059-9A4D-91ED-58B6D79E3819}"
EndProject
Project("{FAE04EC0-301F-11D3-BF4B-00C04F79EFBC}") = "URI_1144", "URI_1144\URI_1144.csproj", "{4FC2096F-7D4F-CC33-31A1-9BB30D0C7B1E}"
EndProject
Project("{FAE04EC0-301F-11D3-BF4B-00C04F79EFBC}") = "URI_1145", "URI_1145\URI_1145.csproj", "{26853D61-5508-BB88-741C-A84AD5758C62}"
EndProject
Project("{FAE04EC0-301F-11D3-BF4B-00C04F79EFBC}") = "URI_1146", "URI_1146\URI_1146.csproj", "{2AC5E9E2-9E17-481D-EA4C-2D2CF0249AFB}"
EndProject
Project("{FAE04EC0-301F-11D3-BF4B-00C04F79EFBC}") = "URI_1149", "URI_1149\URI_1149.csproj", "{CB87FC29-CF68-DA11-89E2-7D79190ABABF}"
EndProject
Project("{FAE04EC0-301F-11D3-BF4B-00C04F79EFBC}") = "URI_1150", "URI_1150\URI_1150.csproj", "{0EFFBCF3-5119-09C6-7112-B108D61156A8}"
EndProject
Project("{FAE04EC0-301F-11D3-BF4B-00C04F79EFBC}") = "URI_1151", "URI_1151\URI_1151.csproj", "{383B0A00-C518-E77D-63E6-6DA344953D11}"
EndProject
Project("{FAE04EC0-301F-11D3-BF4B-00C04F79EFBC}") = "URI_1153", "URI_1153\URI_1153.csproj", "{E735B37D-DDEC-CC70-CDD9-3786FE2BD19A}"
EndProject
Project("{FAE04EC0-301F-11D3-BF4B-00C04F79EFBC}") = "URI_1154", "URI_1154\URI_1154.csproj", "{58DE1DC7-F9BF-1552-3BBF-14720C823D3D}"
EndProject
Project("{FAE04EC0-301F-11D3-BF4B-00C04F79EFBC}") = "URI_1155", "URI_1155\URI_1155.csproj", "{A365C3C2-0F4F-D7F4-B2F8-5F562956FB65}"
EndProject
Project("{FAE04EC0-301F-11D3-BF4B-00C04F79EFBC}") = "URI_1156", "URI_1156\URI_1156.csproj", "{578BA509-3E17-CAF4-9191-C0EAF451EDDA}"
EndProject
Project("{FAE04EC0-301F-11D3-BF4B-00C04F79EFBC}") = "URI_1157", "URI_1157\URI_1157.csproj", "{80F29C7C-C1B4-D5C2-B7ED-77EB8DDA67CE}"
EndProject
Project("{FAE04EC0-301F-11D3-BF4B-00C04F79EFBC}") = "URI_1158", "URI_1158\URI_1158.csproj", "{70F8280A-C1EE-C0B3-3E5E-12C3300BFEAA}"
EndProject
Project("{FAE04EC0-301F-11D3-BF4B-00C04F79EFBC}") = "URI_1159", "URI_1159\URI_1159.csproj", "{0FD1C08B-7D9A-2124-3E21-51E86C8E8AB8}"
EndProject
Project("{FAE04EC0-301F-11D3-BF4B-00C04F79EFBC}") = "URI_1160", "URI_1160\URI_1160.csproj", "{5BF63119-7D9E-5997-C5C2-8B95D21D47FA}"
EndProject
Project("{FAE04EC0-301F-11D3-BF4B-00C04F79EFBC}") = "URI_1164", "URI_1164\URI_1164.csproj", "{62EB0E4D-3F00-F65D-32E6-DE708E1D9F0E}"
EndProject
Project("{FAE04EC0-301F-11D3-BF4B-00C04F79EFBC}") = "URI_1165", "URI_1165\URI_1165.csproj", "{965374C6-A50D-8482-6C41-E853F69C6F89}"
EndProject
Project("{FAE04EC0-301F-11D3-BF4B-00C04F79EFBC}") = "URI_1172", "URI_1172\URI_1172.csproj", "{A71E5850-722E-1F61-C344-0342C931F8CA}"
EndProject
Project("{FAE04EC0-301F-11D3-BF4B-00C04F79EFBC}") = "URI_1173", "URI_1173\URI_1173.csproj", "{1B1114F7-E7C6-420D-73E5-3EFD7BF03A4D}"
EndProject
Project("{FAE04EC0-301F-11D3-BF4B-00C04F79EFBC}") = "URI_1174", "URI_1174\URI_1174.csproj", "{82092E8F-614F-439F-17CA-13BE1D7837A0}"
EndProject
Project("{FAE04EC0-301F-11D3-BF4B-00C04F79EFBC}") = "URI_1175", "URI_1175\URI_1175.csproj", "{9CF8773A-B8A4-D8BA-2B15-8801F040BDD5}"
EndProject
Project("{FAE04EC0-301F-11D3-BF4B-00C04F79EFBC}") = "URI_1177", "URI_1177\URI_1177.csproj", "{5AAD5635-8F97-A890-7835-4C9544AA01D7}"
EndProject
Project("{FAE04EC0-301F-11D3-BF4B-00C04F79EFBC}") = "URI_1178", "URI_1178\URI_1178.csproj", "{C69571FA-55D5-9E82-D9F3-820391F047D1}"
EndProject
Project("{FAE04EC0-301F-11D3-BF4B-00C04F79EFBC}") = "URI_1179", "URI_1179\URI_1179.csproj", "{66F27CAD-B8D8-95CC-D134-5605CF906E99}"
EndProject
Project("{FAE04EC0-301F-11D3-BF4B-00C04F79EFBC}") = "URI_1180", "URI_1180\URI_1180.csproj", "{BD8782D0-71BB-B7FA-E437-D495835C9470}"
EndProject
Project("{FAE04EC0-301F-11D3-BF4B-00C04F79EFBC}") = "URI_1181", "URI_1181\URI_1181.csproj", "{F1E63F73-B114-7DF1-195D-615272575E8A}"
EndProject
Project("{FAE04EC0-301F-11D3-BF4B-00C04F79EFBC}") = "URI_1182", "URI_1182\URI_1182.csproj", "{A7AC305F-1D7B-8813-CEC2-3D355A902505}"
EndProject
Project("{FAE04EC0-301F-11D3-BF4B-00C04F79EFBC}") = "URI_1183", "URI_1183\URI_1183.csproj", "{30FBA34C-D216-1871-D15F-C73BE117388D}"
EndProject
Project("{FAE04EC0-301F-11D3-BF4B-00C04F79EFBC}") = "URI_1184", "URI_1184\URI_1184.csproj", "{6E691528-43FA-5272-ADF2-520987EB67BB}"
EndProject
Project("{FAE04EC0-301F-11D3-BF4B-00C04F79EFBC}") = "URI_1185", "URI_1185\URI_1185.csproj", "{AD9A010F-4996-0DE2-82E9-7F9C544C5BDF}"
EndProject
Project("{FAE04EC0-301F-11D3-BF4B-00C04F79EFBC}") = "URI_1186", "URI_1186\URI_1186.csproj", "{C23BA206-1E0F-1E01-5350-F699FF84766A}"
EndProject
Project("{FAE04EC0-301F-11D3-BF4B-00C04F79EFBC}") = "URI_1187", "URI_1187\URI_1187.csproj", "{AE16DCCA-B397-B408-1823-E67DE0325E0C}"
EndProject
Project("{FAE04EC0-301F-11D3-BF4B-00C04F79EFBC}") = "URI_1188", "URI_1188\URI_1188.csproj", "{7817CA16-B766-80E4-1398-08D67D7B7358}"
EndProject
Project("{FAE04EC0-301F-11D3-BF4B-00C04F79EFBC}") = "URI_1189", "URI_1189\URI_1189.csproj", "{F7460293-FDEA-316B-32B4-CBAE336A2AFF}"
EndProject
Project("{FAE04EC0-301F-11D3-BF4B-00C04F79EFBC}") = "URI_1190", "URI_1190\URI_1190.csproj", "{755EE200-ABE9-C1F1-E798-4A3FD3911574}"
EndProject
Project("{FAE04EC0-301F-11D3-BF4B-00C04F79EFBC}") = "URI_1435", "URI_1435\URI_1435.csproj", "{69BA774B-CAC6-DF19-2999-B5C4637F72B3}"
EndProject
Project("{FAE04EC0-301F-11D3-BF4B-00C04F79EFBC}") = "URI_1478", "URI_1478\URI_1478.csproj", "{624F9DD8-F6E9-C511-404D-2FB8F99BD6B3}"
EndProject
Project("{FAE04EC0-301F-11D3-BF4B-00C04F79EFBC}") = "URI_1534", "URI_1534\URI_1534.csproj", "{3C2AC889-EA0B-91C7-7CB0-A492ADD9EF26}"
EndProject
Global
	GlobalSection(SolutionConfigurationPlatforms) = preSolution
		Debug|Any CPU = Debug|Any CPU
		Release|Any CPU = Release|Any CPU
	EndGlobalSection
	GlobalSection(ProjectConfigurationPlatforms) = postSolution
		{12BB01A9-E2DF-4CF9-798E-B3CD6859B7C0}.Debug|Any CPU.ActiveCfg = Debug|Any CPU
		{12BB01A9-E2DF-4CF9-798E-B3CD6859B7C0}.Debug|Any CPU.Build.0 = Debug|Any CPU
		{12BB01A9-E2DF-4CF9-798E-B3CD6859B7C0}.Release|Any CPU.ActiveCfg = Release|Any CPU
		{12BB01A9-E2DF-4CF9-798E-B3CD6859B7C0}.Release|Any CPU.Build.0 = Release|Any CPU
		{DF428FD1-9108-90F7-D697-C5FD9BEA3E37}.Debug|Any CPU.ActiveCfg = Debug|Any CPU
		{DF428FD1-9108-90F7-D697-C5FD9BEA3E37}.Debug|Any CPU.Build.0 = Debug|Any CPU
		{DF428FD1-9108-90F7-D697-C5FD9BEA3E37}.Release|Any CPU.ActiveCfg = Release|Any CPU
		{DF428FD1-9108-90F7-D697-C5FD9BEA3E37}.Release|Any CPU.Build.0 = Release|Any CPU
		{8B645F28-FFD4-3CA2-B4C6-E24BCD68DB44}.Debug|Any CPU.ActiveCfg = Debug|Any CPU
		{8B645F28-FFD4-3CA2-B4C6-E24BCD68DB44}.Debug|Any CPU.Build.0 = Debug|Any CPU
		{8B645F28-FFD4-3CA2-B4C6-E24BCD68DB44}.Release|Any CPU.ActiveCfg = Release|Any CPU
		{8B645F28-FFD4-3CA2-B4C6-E24BCD68DB44}.Release|Any CPU.Build.0 = Release|Any CPU
		{ECFF6D6B-5A55-4062-334B-7F185F7A89C5}.Debug|Any CPU.ActiveCfg = Debug|Any CPU
		{ECFF6D6B-5A55-4062-334B-7F185F7A89C5}.Debug|Any CPU.Build.0 = Debug|Any CPU
		{ECFF6D6B-5A55-4062-334B-7F185F7A89C5}.Release|Any CPU.ActiveCfg = Release|Any CPU
		{ECFF6D6B-5A55-4062-334B-7F185F7A89C5}.Release|Any CPU.Build.0 = Release|Any CPU
		{8E1E7BBD-BA53-A641-F5B5-044EA547C818}.Debug|Any CPU.ActiveCfg = Debug|Any CPU
		{8E1E7BBD-BA53-A641-F5B5-044EA547C818}.Debug|Any CPU.Build.0 = Debug|Any CPU
		{8E1E7BBD-BA53-A641-F5B5-044EA547C818}.Release|Any CPU.ActiveCfg = Release|Any CPU
		{8E1E7BBD-BA53-A641-F5B5-044EA547C818}.Release|Any CPU.Build.0 = Release|Any CPU
		{B911B992-8D10-0D2B-A2ED-5E63FDAFDD7F}.Debug|Any CPU.ActiveCfg = Debug|Any CPU
		{B911B992-8D10-0D2B-A2ED-5E63FDAFDD7F}.Debug|Any CPU.Build.0 = Debug|Any CPU
		{B911B992-8D10-0D2B-A2ED-5E63FDAFDD7F}.Release|Any CPU.ActiveCfg = Release|Any CPU
		{B911B992-8D10-0D2B-A2ED-5E63FDAFDD7F}.Release|Any CPU.Build.0 = Release|Any CPU
		{33365BD8-55E4-33E2-C727-257D3F475686}.Debug|Any CPU.ActiveCfg = Debug|Any CPU
		{33365BD8-55E4-33E2-C727-257D3F475686}.Debug|Any CPU.Build.0 = Debug|Any CPU
		{33365BD8-55E4-33E2-C727-257D3F475686}.Release|Any CPU.ActiveCfg = Release|Any CPU
		{33365BD8-55E4-33E2-C727-257D3F475686}.Release|Any CPU.Build.0 = Release|Any CPU
		{97CECD86-DAD2-2299-C710-ABACC972D787}.Debug|Any CPU.ActiveCfg = Debug|Any CPU
		{97CECD86-DAD2-2299-C710-ABACC972D787}.Debug|Any CPU.Build.0 = Debug|Any CPU
		{97CECD86-DAD2-2299-C710-ABACC972D787}.Release|Any CPU.ActiveCfg = Release|Any CPU
		{97CECD86-DAD2-2299-C710-ABACC972D787}.Release|Any CPU.Build.0 = Release|Any CPU
		{C6E9D546-BFDB-33CB-AB34-EC419C0C4C69}.Debug|Any CPU.ActiveCfg = Debug|Any CPU
		{C6E9D546-BFDB-33CB-AB34-EC419C0C4C69}.Debug|Any CPU.Build.0 = Debug|Any CPU
		{C6E9D546-BFDB-33CB-AB34-EC419C0C4C69}.Release|Any CPU.ActiveCfg = Release|Any CPU
		{C6E9D546-BFDB-33CB-AB34-EC419C0C4C69}.Release|Any CPU.Build.0 = Release|Any CPU
		{637938FB-1360-C433-1037-D951C0FF7D9B}.Debug|Any CPU.ActiveCfg = Debug|Any CPU
		{637938FB-1360-C433-1037-D951C0FF7D9B}.Debug|Any CPU.Build.0 = Debug|Any CPU
		{637938FB-1360-C433-1037-D951C0FF7D9B}.Release|Any CPU.ActiveCfg = Release|Any CPU
		{637938FB-1360-C433-1037-D951C0FF7D9B}.Release|Any CPU.Build.0 = Release|Any CPU
		{BF129D6C-1050-ECF0-3EC5-AF008FF6D96A}.Debug|Any CPU.ActiveCfg = Debug|Any CPU
		{BF129D6C-1050-ECF0-3EC5-AF008FF6D96A}.Debug|Any CPU.Build.0 = Debug|Any CPU
		{BF129D6C-1050-ECF0-3EC5-AF008FF6D96A}.Release|Any CPU.ActiveCfg = Release|Any CPU
		{BF129D6C-1050-ECF0-3EC5-AF008FF6D96A}.Release|Any CPU.Build.0 = Release|Any CPU
		{AD7248CF-9E08-FB10-F872-5A85843B9012}.Debug|Any CPU.ActiveCfg = Debug|Any CPU
		{AD7248CF-9E08-FB10-F872-5A85843B9012}.Debug|Any CPU.Build.0 = Debug|Any CPU
		{AD7248CF-9E08-FB10-F872-5A85843B9012}.Release|Any CPU.ActiveCfg = Release|Any CPU
		{AD7248CF-9E08-FB10-F872-5A85843B9012}.Release|Any CPU.Build.0 = Release|Any CPU
		{20C6164D-EEA7-596E-0156-63C8F850ED5A}.Debug|Any CPU.ActiveCfg = Debug|Any CPU
		{20C6164D-EEA7-596E-0156-63C8F850ED5A}.Debug|Any CPU.Build.0 = Debug|Any CPU
		{20C6164D-EEA7-596E-0156-63C8F850ED5A}.Release|Any CPU.ActiveCfg = Release|Any CPU
		{20C6164D-EEA7-596E-0156-63C8F850ED5A}.Release|Any CPU.Build.0 = Release|Any CPU
		{047ADE5D-D8A6-B0BB-3E93-B584B97ABBE9}.Debug|Any CPU.ActiveCfg = Debug|Any CPU
		{047ADE5D-D8A6-B0BB-3E93-B584B97ABBE9}.Debug|Any CPU.Build.0 = Debug|Any CPU
		{047ADE5D-D8A6-B0BB-3E93-B584B97ABBE9}.Release|Any CPU.ActiveCfg = Release|Any CPU
		{047ADE5D-D8A6-B0BB-3E93-B584B97ABBE9}.Release|Any CPU.Build.0 = Release|Any CPU
		{4EE62B5C-C7F2-F931-D1F9-E6A7360F35CC}.Debug|Any CPU.ActiveCfg = Debug|Any CPU
		{4EE62B5C-C7F2-F931-D1F9-E6A7360F35CC}.Debug|Any CPU.Build.0 = Debug|Any CPU
		{4EE62B5C-C7F2-F931-D1F9-E6A7360F35CC}.Release|Any CPU.ActiveCfg = Release|Any CPU
		{4EE62B5C-C7F2-F931-D1F9-E6A7360F35CC}.Release|Any CPU.Build.0 = Release|Any CPU
		{FE740EDF-4E4C-5F9E-8B86-E288FF8B0E73}.Debug|Any CPU.ActiveCfg = Debug|Any CPU
		{FE740EDF-4E4C-5F9E-8B86-E288FF8B0E73}.Debug|Any CPU.Build.0 = Debug|Any CPU
		{FE740EDF-4E4C-5F9E-8B86-E288FF8B0E73}.Release|Any CPU.ActiveCfg = Release|Any CPU
		{FE740EDF-4E4C-5F9E-8B86-E288FF8B0E73}.Release|Any CPU.Build.0 = Release|Any CPU
		{4EC9D014-DE8D-65D8-4067-17FF6799556E}.Debug|Any CPU.ActiveCfg = Debug|Any CPU
		{4EC9D014-DE8D-65D8-4067-17FF6799556E}.Debug|Any CPU.Build.0 = Debug|Any CPU
		{4EC9D014-DE8D-65D8-4067-17FF6799556E}.Release|Any CPU.ActiveCfg = Release|Any CPU
		{4EC9D014-DE8D-65D8-4067-17FF6799556E}.Release|Any CPU.Build.0 = Release|Any CPU
		{4860D1B2-77E9-C0A1-96F5-BF317FF85907}.Debug|Any CPU.ActiveCfg = Debug|Any CPU
		{4860D1B2-77E9-C0A1-96F5-BF317FF85907}.Debug|Any CPU.Build.0 = Debug|Any CPU
		{4860D1B2-77E9-C0A1-96F5-BF317FF85907}.Release|Any CPU.ActiveCfg = Release|Any CPU
		{4860D1B2-77E9-C0A1-96F5-BF317FF85907}.Release|Any CPU.Build.0 = Release|Any CPU
		{11C7FD9B-6846-F19B-A194-61A7F789B4B8}.Debug|Any CPU.ActiveCfg = Debug|Any CPU
		{11C7FD9B-6846-F19B-A194-61A7F789B4B8}.Debug|Any CPU.Build.0 = Debug|Any CPU
		{11C7FD9B-6846-F19B-A194-61A7F789B4B8}.Release|Any CPU.ActiveCfg = Release|Any CPU
		{11C7FD9B-6846-F19B-A194-61A7F789B4B8}.Release|Any CPU.Build.0 = Release|Any CPU
		{F23CA4BF-7E63-2A3A-6289-E30A7A7CB57A}.Debug|Any CPU.ActiveCfg = Debug|Any CPU
		{F23CA4BF-7E63-2A3A-6289-E30A7A7CB57A}.Debug|Any CPU.Build.0 = Debug|Any CPU
		{F23CA4BF-7E63-2A3A-6289-E30A7A7CB57A}.Release|Any CPU.ActiveCfg = Release|Any CPU
		{F23CA4BF-7E63-2A3A-6289-E30A7A7CB57A}.Release|Any CPU.Build.0 = Release|Any CPU
		{7CC51409-FDA5-7DBE-5325-3CAA414B4279}.Debug|Any CPU.ActiveCfg = Debug|Any CPU
		{7CC51409-FDA5-7DBE-5325-3CAA414B4279}.Debug|Any CPU.Build.0 = Debug|Any CPU
		{7CC51409-FDA5-7DBE-5325-3CAA414B4279}.Release|Any CPU.ActiveCfg = Release|Any CPU
		{7CC51409-FDA5-7DBE-5325-3CAA414B4279}.Release|Any CPU.Build.0 = Release|Any CPU
		{FA49E901-DF0D-CC7E-6F17-20B212910B25}.Debug|Any CPU.ActiveCfg = Debug|Any CPU
		{FA49E901-DF0D-CC7E-6F17-20B212910B25}.Debug|Any CPU.Build.0 = Debug|Any CPU
		{FA49E901-DF0D-CC7E-6F17-20B212910B25}.Release|Any CPU.ActiveCfg = Release|Any CPU
		{FA49E901-DF0D-CC7E-6F17-20B212910B25}.Release|Any CPU.Build.0 = Release|Any CPU
		{5E0CB40E-7561-FE79-23FD-20C7A6B5A7BF}.Debug|Any CPU.ActiveCfg = Debug|Any CPU
		{5E0CB40E-7561-FE79-23FD-20C7A6B5A7BF}.Debug|Any CPU.Build.0 = Debug|Any CPU
		{5E0CB40E-7561-FE79-23FD-20C7A6B5A7BF}.Release|Any CPU.ActiveCfg = Release|Any CPU
		{5E0CB40E-7561-FE79-23FD-20C7A6B5A7BF}.Release|Any CPU.Build.0 = Release|Any CPU
		{A2E1E4EE-E92D-05AD-C792-5300F35D0A8D}.Debug|Any CPU.ActiveCfg = Debug|Any CPU
		{A2E1E4EE-E92D-05AD-C792-5300F35D0A8D}.Debug|Any CPU.Build.0 = Debug|Any CPU
		{A2E1E4EE-E92D-05AD-C792-5300F35D0A8D}.Release|Any CPU.ActiveCfg = Release|Any CPU
		{A2E1E4EE-E92D-05AD-C792-5300F35D0A8D}.Release|Any CPU.Build.0 = Release|Any CPU
		{C38AE8A0-CB3B-5F58-26B6-0AB13321B787}.Debug|Any CPU.ActiveCfg = Debug|Any CPU
		{C38AE8A0-CB3B-5F58-26B6-0AB13321B787}.Debug|Any CPU.Build.0 = Debug|Any CPU
		{C38AE8A0-CB3B-5F58-26B6-0AB13321B787}.Release|Any CPU.ActiveCfg = Release|Any CPU
		{C38AE8A0-CB3B-5F58-26B6-0AB13321B787}.Release|Any CPU.Build.0 = Release|Any CPU
		{938F301D-2F43-D22F-7C75-593EE15F3507}.Debug|Any CPU.ActiveCfg = Debug|Any CPU
		{938F301D-2F43-D22F-7C75-593EE15F3507}.Debug|Any CPU.Build.0 = Debug|Any CPU
		{938F301D-2F43-D22F-7C75-593EE15F3507}.Release|Any CPU.ActiveCfg = Release|Any CPU
		{938F301D-2F43-D22F-7C75-593EE15F3507}.Release|Any CPU.Build.0 = Release|Any CPU
		{D7FBA733-22FC-0EA4-16D4-4F30A0B9F105}.Debug|Any CPU.ActiveCfg = Debug|Any CPU
		{D7FBA733-22FC-0EA4-16D4-4F30A0B9F105}.Debug|Any CPU.Build.0 = Debug|Any CPU
		{D7FBA733-22FC-0EA4-16D4-4F30A0B9F105}.Release|Any CPU.ActiveCfg = Release|Any CPU
		{D7FBA733-22FC-0EA4-16D4-4F30A0B9F105}.Release|Any CPU.Build.0 = Release|Any CPU
		{232FAC41-7804-8183-CB85-4ADAB116EC4E}.Debug|Any CPU.ActiveCfg = Debug|Any CPU
		{232FAC41-7804-8183-CB85-4ADAB116EC4E}.Debug|Any CPU.Build.0 = Debug|Any CPU
		{232FAC41-7804-8183-CB85-4ADAB116EC4E}.Release|Any CPU.ActiveCfg = Release|Any CPU
		{232FAC41-7804-8183-CB85-4ADAB116EC4E}.Release|Any CPU.Build.0 = Release|Any CPU
		{4F4F1DA5-F00A-C274-1308-8DB5C88D7581}.Debug|Any CPU.ActiveCfg = Debug|Any CPU
		{4F4F1DA5-F00A-C274-1308-8DB5C88D7581}.Debug|Any CPU.Build.0 = Debug|Any CPU
		{4F4F1DA5-F00A-C274-1308-8DB5C88D7581}.Release|Any CPU.ActiveCfg = Release|Any CPU
		{4F4F1DA5-F00A-C274-1308-8DB5C88D7581}.Release|Any CPU.Build.0 = Release|Any CPU
		{0C8B56C3-ABC5-3B25-DFC8-4DE2C4DFF69F}.Debug|Any CPU.ActiveCfg = Debug|Any CPU
		{0C8B56C3-ABC5-3B25-DFC8-4DE2C4DFF69F}.Debug|Any CPU.Build.0 = Debug|Any CPU
		{0C8B56C3-ABC5-3B25-DFC8-4DE2C4DFF69F}.Release|Any CPU.ActiveCfg = Release|Any CPU
		{0C8B56C3-ABC5-3B25-DFC8-4DE2C4DFF69F}.Release|Any CPU.Build.0 = Release|Any CPU
		{622E0BF4-64D1-1726-225B-E2534B2F3CC8}.Debug|Any CPU.ActiveCfg = Debug|Any CPU
		{622E0BF4-64D1-1726-225B-E2534B2F3CC8}.Debug|Any CPU.Build.0 = Debug|Any CPU
		{622E0BF4-64D1-1726-225B-E2534B2F3CC8}.Release|Any CPU.ActiveCfg = Release|Any CPU
		{622E0BF4-64D1-1726-225B-E2534B2F3CC8}.Release|Any CPU.Build.0 = Release|Any CPU
		{4D36B089-B442-DABC-77F6-1D25FE02B800}.Debug|Any CPU.ActiveCfg = Debug|Any CPU
		{4D36B089-B442-DABC-77F6-1D25FE02B800}.Debug|Any CPU.Build.0 = Debug|Any CPU
		{4D36B089-B442-DABC-77F6-1D25FE02B800}.Release|Any CPU.ActiveCfg = Release|Any CPU
		{4D36B089-B442-DABC-77F6-1D25FE02B800}.Release|Any CPU.Build.0 = Release|Any CPU
		{36F3E716-E37D-BE44-7A67-E5F252790D82}.Debug|Any CPU.ActiveCfg = Debug|Any CPU
		{36F3E716-E37D-BE44-7A67-E5F252790D82}.Debug|Any CPU.Build.0 = Debug|Any CPU
		{36F3E716-E37D-BE44-7A67-E5F252790D82}.Release|Any CPU.ActiveCfg = Release|Any CPU
		{36F3E716-E37D-BE44-7A67-E5F252790D82}.Release|Any CPU.Build.0 = Release|Any CPU
		{3C6145B6-9CBB-838B-1C21-802503CD810B}.Debug|Any CPU.ActiveCfg = Debug|Any CPU
		{3C6145B6-9CBB-838B-1C21-802503CD810B}.Debug|Any CPU.Build.0 = Debug|Any CPU
		{3C6145B6-9CBB-838B-1C21-802503CD810B}.Release|Any CPU.ActiveCfg = Release|Any CPU
		{3C6145B6-9CBB-838B-1C21-802503CD810B}.Release|Any CPU.Build.0 = Release|Any CPU
		{9092D42A-E1C2-3B2B-583F-7FD3CAFACB64}.Debug|Any CPU.ActiveCfg = Debug|Any CPU
		{9092D42A-E1C2-3B2B-583F-7FD3CAFACB64}.Debug|Any CPU.Build.0 = Debug|Any CPU
		{9092D42A-E1C2-3B2B-583F-7FD3CAFACB64}.Release|Any CPU.ActiveCfg = Release|Any CPU
		{9092D42A-E1C2-3B2B-583F-7FD3CAFACB64}.Release|Any CPU.Build.0 = Release|Any CPU
		{F99BB840-4AF9-EA9F-89B1-020FAF8F6DDE}.Debug|Any CPU.ActiveCfg = Debug|Any CPU
		{F99BB840-4AF9-EA9F-89B1-020FAF8F6DDE}.Debug|Any CPU.Build.0 = Debug|Any CPU
		{F99BB840-4AF9-EA9F-89B1-020FAF8F6DDE}.Release|Any CPU.ActiveCfg = Release|Any CPU
		{F99BB840-4AF9-EA9F-89B1-020FAF8F6DDE}.Release|Any CPU.Build.0 = Release|Any CPU
		{DEF6F508-042D-FFD3-D1C4-B6708993BC22}.Debug|Any CPU.ActiveCfg = Debug|Any CPU
		{DEF6F508-042D-FFD3-D1C4-B6708993BC22}.Debug|Any CPU.Build.0 = Debug|Any CPU
		{DEF6F508-042D-FFD3-D1C4-B6708993BC22}.Release|Any CPU.ActiveCfg = Release|Any CPU
		{DEF6F508-042D-FFD3-D1C4-B6708993BC22}.Release|Any CPU.Build.0 = Release|Any CPU
		{A930C090-023F-3F32-C0C4-20B9A11652A8}.Debug|Any CPU.ActiveCfg = Debug|Any CPU
		{A930C090-023F-3F32-C0C4-20B9A11652A8}.Debug|Any CPU.Build.0 = Debug|Any CPU
		{A930C090-023F-3F32-C0C4-20B9A11652A8}.Release|Any CPU.ActiveCfg = Release|Any CPU
		{A930C090-023F-3F32-C0C4-20B9A11652A8}.Release|Any CPU.Build.0 = Release|Any CPU
		{DB084138-0784-4128-DE07-F47936471F83}.Debug|Any CPU.ActiveCfg = Debug|Any CPU
		{DB084138-0784-4128-DE07-F47936471F83}.Debug|Any CPU.Build.0 = Debug|Any CPU
		{DB084138-0784-4128-DE07-F47936471F83}.Release|Any CPU.ActiveCfg = Release|Any CPU
		{DB084138-0784-4128-DE07-F47936471F83}.Release|Any CPU.Build.0 = Release|Any CPU
		{541C0E87-B4EF-45F3-EA51-5F4E6E8CC340}.Debug|Any CPU.ActiveCfg = Debug|Any CPU
		{541C0E87-B4EF-45F3-EA51-5F4E6E8CC340}.Debug|Any CPU.Build.0 = Debug|Any CPU
		{541C0E87-B4EF-45F3-EA51-5F4E6E8CC340}.Release|Any CPU.ActiveCfg = Release|Any CPU
		{541C0E87-B4EF-45F3-EA51-5F4E6E8CC340}.Release|Any CPU.Build.0 = Release|Any CPU
		{3B414B48-2059-9A4D-91ED-58B6D79E3819}.Debug|Any CPU.ActiveCfg = Debug|Any CPU
		{3B414B48-2059-9A4D-91ED-58B6D79E3819}.Debug|Any CPU.Build.0 = Debug|Any CPU
		{3B414B48-2059-9A4D-91ED-58B6D79E3819}.Release|Any CPU.ActiveCfg = Release|Any CPU
		{3B414B48-2059-9A4D-91ED-58B6D79E3819}.Release|Any CPU.Build.0 = Release|Any CPU
		{4FC2096F-7D4F-CC33-31A1-9BB30D0C7B1E}.Debug|Any CPU.ActiveCfg = Debug|Any CPU
		{4FC2096F-7D4F-CC33-31A1-9BB30D0C7B1E}.Debug|Any CPU.Build.0 = Debug|Any CPU
		{4FC2096F-7D4F-CC33-31A1-9BB30D0C7B1E}.Release|Any CPU.ActiveCfg = Release|Any CPU
		{4FC2096F-7D4F-CC33-31A1-9BB30D0C7B1E}.Release|Any CPU.Build.0 = Release|Any CPU
		{26853D61-5508-BB88-741C-A84AD5758C62}.Debug|Any CPU.ActiveCfg = Debug|Any CPU
		{26853D61-5508-BB88-741C-A84AD5758C62}.Debug|Any CPU.Build.0 = Debug|Any CPU
		{26853D61-5508-BB88-741C-A84AD5758C62}.Release|Any CPU.ActiveCfg = Release|Any CPU
		{26853D61-5508-BB88-741C-A84AD5758C62}.Release|Any CPU.Build.0 = Release|Any CPU
		{2AC5E9E2-9E17-481D-EA4C-2D2CF0249AFB}.Debug|Any CPU.ActiveCfg = Debug|Any CPU
		{2AC5E9E2-9E17-481D-EA4C-2D2CF0249AFB}.Debug|Any CPU.Build.0 = Debug|Any CPU
		{2AC5E9E2-9E17-481D-EA4C-2D2CF0249AFB}.Release|Any CPU.ActiveCfg = Release|Any CPU
		{2AC5E9E2-9E17-481D-EA4C-2D2CF0249AFB}.Release|Any CPU.Build.0 = Release|Any CPU
		{CB87FC29-CF68-DA11-89E2-7D79190ABABF}.Debug|Any CPU.ActiveCfg = Debug|Any CPU
		{CB87FC29-CF68-DA11-89E2-7D79190ABABF}.Debug|Any CPU.Build.0 = Debug|Any CPU
		{CB87FC29-CF68-DA11-89E2-7D79190ABABF}.Release|Any CPU.ActiveCfg = Release|Any CPU
		{CB87FC29-CF68-DA11-89E2-7D79190ABABF}.Release|Any CPU.Build.0 = Release|Any CPU
		{0EFFBCF3-5119-09C6-7112-B108D61156A8}.Debug|Any CPU.ActiveCfg = Debug|Any CPU
		{0EFFBCF3-5119-09C6-7112-B108D61156A8}.Debug|Any CPU.Build.0 = Debug|Any CPU
		{0EFFBCF3-5119-09C6-7112-B108D61156A8}.Release|Any CPU.ActiveCfg = Release|Any CPU
		{0EFFBCF3-5119-09C6-7112-B108D61156A8}.Release|Any CPU.Build.0 = Release|Any CPU
		{383B0A00-C518-E77D-63E6-6DA344953D11}.Debug|Any CPU.ActiveCfg = Debug|Any CPU
		{383B0A00-C518-E77D-63E6-6DA344953D11}.Debug|Any CPU.Build.0 = Debug|Any CPU
		{383B0A00-C518-E77D-63E6-6DA344953D11}.Release|Any CPU.ActiveCfg = Release|Any CPU
		{383B0A00-C518-E77D-63E6-6DA344953D11}.Release|Any CPU.Build.0 = Release|Any CPU
		{E735B37D-DDEC-CC70-CDD9-3786FE2BD19A}.Debug|Any CPU.ActiveCfg = Debug|Any CPU
		{E735B37D-DDEC-CC70-CDD9-3786FE2BD19A}.Debug|Any CPU.Build.0 = Debug|Any CPU
		{E735B37D-DDEC-CC70-CDD9-3786FE2BD19A}.Release|Any CPU.ActiveCfg = Release|Any CPU
		{E735B37D-DDEC-CC70-CDD9-3786FE2BD19A}.Release|Any CPU.Build.0 = Release|Any CPU
		{58DE1DC7-F9BF-1552-3BBF-14720C823D3D}.Debug|Any CPU.ActiveCfg = Debug|Any CPU
		{58DE1DC7-F9BF-1552-3BBF-14720C823D3D}.Debug|Any CPU.Build.0 = Debug|Any CPU
		{58DE1DC7-F9BF-1552-3BBF-14720C823D3D}.Release|Any CPU.ActiveCfg = Release|Any CPU
		{58DE1DC7-F9BF-1552-3BBF-14720C823D3D}.Release|Any CPU.Build.0 = Release|Any CPU
		{A365C3C2-0F4F-D7F4-B2F8-5F562956FB65}.Debug|Any CPU.ActiveCfg = Debug|Any CPU
		{A365C3C2-0F4F-D7F4-B2F8-5F562956FB65}.Debug|Any CPU.Build.0 = Debug|Any CPU
		{A365C3C2-0F4F-D7F4-B2F8-5F562956FB65}.Release|Any CPU.ActiveCfg = Release|Any CPU
		{A365C3C2-0F4F-D7F4-B2F8-5F562956FB65}.Release|Any CPU.Build.0 = Release|Any CPU
		{578BA509-3E17-CAF4-9191-C0EAF451EDDA}.Debug|Any CPU.ActiveCfg = Debug|Any CPU
		{578BA509-3E17-CAF4-9191-C0EAF451EDDA}.Debug|Any CPU.Build.0 = Debug|Any CPU
		{578BA509-3E17-CAF4-9191-C0EAF451EDDA}.Release|Any CPU.ActiveCfg = Release|Any CPU
		{578BA509-3E17-CAF4-9191-C0EAF451EDDA}.Release|Any CPU.Build.0 = Release|Any CPU
		{80F29C7C-C1B4-D5C2-B7ED-77EB8DDA67CE}.Debug|Any CPU.ActiveCfg = Debug|Any CPU
		{80F29C7C-C1B4-D5C2-B7ED-77EB8DDA67CE}.Debug|Any CPU.Build.0 = Debug|Any CPU
		{80F29C7C-C1B4-D5C2-B7ED-77EB8DDA67CE}.Release|Any CPU.ActiveCfg = Release|Any CPU
		{80F29C7C-C1B4-D5C2-B7ED-77EB8DDA67CE}.Release|Any CPU.Build.0 = Release|Any CPU
		{70F8280A-C1EE-C0B3-3E5E-12C3300BFEAA}.Debug|Any CPU.ActiveCfg = Debug|Any CPU
		{70F8280A-C1EE-C0B3-3E5E-12C3300BFEAA}.Debug|Any CPU.Build.0 = Debug|Any CPU
		{70F8280A-C1EE-C0B3-3E5E-12C3300BFEAA}.Release|Any CPU.ActiveCfg = Release|Any CPU
		{70F8280A-C1EE-C0B3-3E5E-12C3300BFEAA}.Release|Any CPU.Build.0 = Release|Any CPU
		{0FD1C08B-7D9A-2124-3E21-51E86C8E8AB8}.Debug|Any CPU.ActiveCfg = Debug|Any CPU
		{0FD1C08B-7D9A-2124-3E21-51E86C8E8AB8}.Debug|Any CPU.Build.0 = Debug|Any CPU
		{0FD1C08B-7D9A-2124-3E21-51E86C8E8AB8}.Release|Any CPU.ActiveCfg = Release|Any CPU
		{0FD1C08B-7D9A-2124-3E21-51E86C8E8AB8}.Release|Any CPU.Build.0 = Release|Any CPU
		{5BF63119-7D9E-5997-C5C2-8B95D21D47FA}.Debug|Any CPU.ActiveCfg = Debug|Any CPU
		{5BF63119-7D9E-5997-C5C2-8B95D21D47FA}.Debug|Any CPU.Build.0 = Debug|Any CPU
		{5BF63119-7D9E-5997-C5C2-8B95D21D47FA}.Release|Any CPU.ActiveCfg = Release|Any CPU
		{5BF63119-7D9E-5997-C5C2-8B95D21D47FA}.Release|Any CPU.Build.0 = Release|Any CPU
		{62EB0E4D-3F00-F65D-32E6-DE708E1D9F0E}.Debug|Any CPU.ActiveCfg = Debug|Any CPU
		{62EB0E4D-3F00-F65D-32E6-DE708E1D9F0E}.Debug|Any CPU.Build.0 = Debug|Any CPU
		{62EB0E4D-3F00-F65D-32E6-DE708E1D9F0E}.Release|Any CPU.ActiveCfg = Release|Any CPU
		{62EB0E4D-3F00-F65D-32E6-DE708E1D9F0E}.Release|Any CPU.Build.0 = Release|Any CPU
		{965374C6-A50D-8482-6C41-E853F69C6F89}.Debug|Any CPU.ActiveCfg = Debug|Any CPU
		{965374C6-A50D-8482-6C41-E853F69C6F89}.Debug|Any CPU.Build.0 = Debug|Any CPU
		{965374C6-A50D-8482-6C41-E853F69C6F89}.Release|Any CPU.ActiveCfg = Release|Any CPU
		{965374C6-A50D-8482-6C41-E853F69C6F89}.Release|Any CPU.Build.0 = Release|Any CPU
		{A71E5850-722E-1F61-C344-0342C931F8CA}.Debug|Any CPU.ActiveCfg = Debug|Any CPU
		{A71E5850-722E-1F61-C344-0342C931F8CA}.Debug|Any CPU.Build.0 = Debug|Any CPU
		{A71E5850-722E-1F61-C344-0342C931F8CA}.Release|Any CPU.ActiveCfg = Release|Any CPU
		{A71E5850-722E-1F61-C344-0342C931F8CA}.Release|Any CPU.Build.0 = Release|Any CPU
		{1B1114F7-E7C6-420D-73E5-3EFD7BF03A4D}.Debug|Any CPU.ActiveCfg = Debug|Any CPU
		{1B1114F7-E7C6-420D-73E5-3EFD7BF03A4D}.Debug|Any CPU.Build.0 = Debug|Any CPU
		{1B1114F7-E7C6-420D-73E5-3EFD7BF03A4D}.Release|Any CPU.ActiveCfg = Release|Any CPU
		{1B1114F7-E7C6-420D-73E5-3EFD7BF03A4D}.Release|Any CPU.Build.0 = Release|Any CPU
		{82092E8F-614F-439F-17CA-13BE1D7837A0}.Debug|Any CPU.ActiveCfg = Debug|Any CPU
		{82092E8F-614F-439F-17CA-13BE1D7837A0}.Debug|Any CPU.Build.0 = Debug|Any CPU
		{82092E8F-614F-439F-17CA-13BE1D7837A0}.Release|Any CPU.ActiveCfg = Release|Any CPU
		{82092E8F-614F-439F-17CA-13BE1D7837A0}.Release|Any CPU.Build.0 = Release|Any CPU
		{9CF8773A-B8A4-D8BA-2B15-8801F040BDD5}.Debug|Any CPU.ActiveCfg = Debug|Any CPU
		{9CF8773A-B8A4-D8BA-2B15-8801F040BDD5}.Debug|Any CPU.Build.0 = Debug|Any CPU
		{9CF8773A-B8A4-D8BA-2B15-8801F040BDD5}.Release|Any CPU.ActiveCfg = Release|Any CPU
		{9CF8773A-B8A4-D8BA-2B15-8801F040BDD5}.Release|Any CPU.Build.0 = Release|Any CPU
		{5AAD5635-8F97-A890-7835-4C9544AA01D7}.Debug|Any CPU.ActiveCfg = Debug|Any CPU
		{5AAD5635-8F97-A890-7835-4C9544AA01D7}.Debug|Any CPU.Build.0 = Debug|Any CPU
		{5AAD5635-8F97-A890-7835-4C9544AA01D7}.Release|Any CPU.ActiveCfg = Release|Any CPU
		{5AAD5635-8F97-A890-7835-4C9544AA01D7}.Release|Any CPU.Build.0 = Release|Any CPU
		{C69571FA-55D5-9E82-D9F3-820391F047D1}.Debug|Any CPU.ActiveCfg = Debug|Any CPU
		{C69571FA-55D5-9E82-D9F3-820391F047D1}.Debug|Any CPU.Build.0 = Debug|Any CPU
		{C69571FA-55D5-9E82-D9F3-820391F047D1}.Release|Any CPU.ActiveCfg = Release|Any CPU
		{C69571FA-55D5-9E82-D9F3-820391F047D1}.Release|Any CPU.Build.0 = Release|Any CPU
		{66F27CAD-B8D8-95CC-D134-5605CF906E99}.Debug|Any CPU.ActiveCfg = Debug|Any CPU
		{66F27CAD-B8D8-95CC-D134-5605CF906E99}.Debug|Any CPU.Build.0 = Debug|Any CPU
		{66F27CAD-B8D8-95CC-D134-5605CF906E99}.Release|Any CPU.ActiveCfg = Release|Any CPU
		{66F27CAD-B8D8-95CC-D134-5605CF906E99}.Release|Any CPU.Build.0 = Release|Any CPU
		{BD8782D0-71BB-B7FA-E437-D495835C9470}.Debug|Any CPU.ActiveCfg = Debug|Any CPU
		{BD8782D0-71BB-B7FA-E437-D495835C9470}.Debug|Any CPU.Build.0 = Debug|Any CPU
		{BD8782D0-71BB-B7FA-E437-D495835C9470}.Release|Any CPU.ActiveCfg = Release|Any CPU
		{BD8782D0-71BB-B7FA-E437-D495835C9470}.Release|Any CPU.Build.0 = Release|Any CPU
		{F1E63F73-B114-7DF1-195D-615272575E8A}.Debug|Any CPU.ActiveCfg = Debug|Any CPU
		{F1E63F73-B114-7DF1-195D-615272575E8A}.Debug|Any CPU.Build.0 = Debug|Any CPU
		{F1E63F73-B114-7DF1-195D-615272575E8A}.Release|Any CPU.ActiveCfg = Release|Any CPU
		{F1E63F73-B114-7DF1-195D-615272575E8A}.Release|Any CPU.Build.0 = Release|Any CPU
		{A7AC305F-1D7B-8813-CEC2-3D355A902505}.Debug|Any CPU.ActiveCfg = Debug|Any CPU
		{A7AC305F-1D7B-8813-CEC2-3D355A902505}.Debug|Any CPU.Build.0 = Debug|Any CPU
		{A7AC305F-1D7B-8813-CEC2-3D355A902505}.Release|Any CPU.ActiveCfg = Release|Any CPU
		{A7AC305F-1D7B-8813-CEC2-3D355A902505}.Release|Any CPU.Build.0 = Release|Any CPU
		{30FBA34C-D216-1871-D15F-C73BE117388D}.Debug|Any CPU.ActiveCfg = Debug|Any CPU
		{30FBA34C-D216-1871-D15F-C73BE117388D}.Debug|Any CPU.Build.0 = Debug|Any CPU
		{30FBA34C-D216-1871-D15F-C73BE117388D}.Release|Any CPU.ActiveCfg = Release|Any CPU
		{30FBA34C-D216-1871-D15F-C73BE117388D}.Release|Any CPU.Build.0 = Release|Any CPU
		{6E691528-43FA-5272-ADF2-520987EB67BB}.Debug|Any CPU.ActiveCfg = Debug|Any CPU
		{6E691528-43FA-5272-ADF2-520987EB67BB}.Debug|Any CPU.Build.0 = Debug|Any CPU
		{6E691528-43FA-5272-ADF2-520987EB67BB}.Release|Any CPU.ActiveCfg = Release|Any CPU
		{6E691528-43FA-5272-ADF2-520987EB67BB}.Release|Any CPU.Build.0 = Release|Any CPU
		{AD9A010F-4996-0DE2-82E9-7F9C544C5BDF}.Debug|Any CPU.ActiveCfg = Debug|Any CPU
		{AD9A010F-4996-0DE2-82E9-7F9C544C5BDF}.Debug|Any CPU.Build.0 = Debug|Any CPU
		{AD9A010F-4996-0DE2-82E9-7F9C544C5BDF}.Release|Any CPU.ActiveCfg = Release|Any CPU
		{AD9A010F-4996-0DE2-82E9-7F9C544C5BDF}.Release|Any CPU.Build.0 = Release|Any CPU
		{C23BA206-1E0F-1E01-5350-F699FF84766A}.Debug|Any CPU.ActiveCfg = Debug|Any CPU
		{C23BA206-1E0F-1E01-5350-F699FF84766A}.Debug|Any CPU.Build.0 = Debug|Any CPU
		{C23BA206-1E0F-1E01-5350-F699FF84766A}.Release|Any CPU.ActiveCfg = Release|Any CPU
		{C23BA206-1E0F-1E01-5350-F699FF84766A}.Release|Any CPU.Build.0 = Release|Any CPU
		{AE16DCCA-B397-B408-1823-E67DE0325E0C}.Debug|Any CPU.ActiveCfg = Debug|Any CPU
		{AE16DCCA-B397-B408-1823-E67DE0325E0C}.Debug|Any CPU.Build.0 = Debug|Any CPU
		{AE16DCCA-B397-B408-1823-E67DE0325E0C}.Release|Any CPU.ActiveCfg = Release|Any CPU
		{AE16DCCA-B397-B408-1823-E67DE0325E0C}.Release|Any CPU.Build.0 = Release|Any CPU
		{7817CA16-B766-80E4-1398-08D67D7B7358}.Debug|Any CPU.ActiveCfg = Debug|Any CPU
		{7817CA16-B766-80E4-1398-08D67D7B7358}.Debug|Any CPU.Build.0 = Debug|Any CPU
		{7817CA16-B766-80E4-1398-08D67D7B7358}.Release|Any CPU.ActiveCfg = Release|Any CPU
		{7817CA16-B766-80E4-1398-08D67D7B7358}.Release|Any CPU.Build.0 = Release|Any CPU
		{F7460293-FDEA-316B-32B4-CBAE336A2AFF}.Debug|Any CPU.ActiveCfg = Debug|Any CPU
		{F7460293-FDEA-316B-32B4-CBAE336A2AFF}.Debug|Any CPU.Build.0 = Debug|Any CPU
		{F7460293-FDEA-316B-32B4-CBAE336A2AFF}.Release|Any CPU.ActiveCfg = Release|Any CPU
		{F7460293-FDEA-316B-32B4-CBAE336A2AFF}.Release|Any CPU.Build.0 = Release|Any CPU
		{755EE200-ABE9-C1F1-E798-4A3FD3911574}.Debug|Any CPU.ActiveCfg = Debug|Any CPU
		{755EE200-ABE9-C1F1-E798-4A3FD3911574}.Debug|Any CPU.Build.0 = Debug|Any CPU
		{755EE200-ABE9-C1F1-E798-4A3FD3911574}.Release|Any CPU.ActiveCfg = Release|Any CPU
		{755EE200-ABE9-C1F1-E798-4A3FD3911574}.Release|Any CPU.Build.0 = Release|Any CPU
		{69BA774B-CAC6-DF19-2999-B5C4637F72B3}.Debug|Any CPU.ActiveCfg = Debug|Any CPU
		{69BA774B-CAC6-DF19-2999-B5C4637F72B3}.Debug|Any CPU.Build.0 = Debug|Any CPU
		{69BA774B-CAC6-DF19-2999-B5C4637F72B3}.Release|Any CPU.ActiveCfg = Release|Any CPU
		{69BA774B-CAC6-DF19-2999-B5C4637F72B3}.Release|Any CPU.Build.0 = Release|Any CPU
		{624F9DD8-F6E9-C511-404D-2FB8F99BD6B3}.Debug|Any CPU.ActiveCfg = Debug|Any CPU
		{624F9DD8-F6E9-C511-404D-2FB8F99BD6B3}.Debug|Any CPU.Build.0 = Debug|Any CPU
		{624F9DD8-F6E9-C511-404D-2FB8F99BD6B3}.Release|Any CPU.ActiveCfg = Release|Any CPU
		{624F9DD8-F6E9-C511-404D-2FB8F99BD6B3}.Release|Any CPU.Build.0 = Release|Any CPU
		{3C2AC889-EA0B-91C7-7CB0-A492ADD9EF26}.Debug|Any CPU.ActiveCfg = Debug|Any CPU
		{3C2AC889-EA0B-91C7-7CB0-A492ADD9EF26}.Debug|Any CPU.Build.0 = Debug|Any CPU
		{3C2AC889-EA0B-91C7-7CB0-A492ADD9EF26}.Release|Any CPU.ActiveCfg = Release|Any CPU
		{3C2AC889-EA0B-91C7-7CB0-A492ADD9EF26}.Release|Any CPU.Build.0 = Release|Any CPU
	EndGlobalSection
	GlobalSection(SolutionProperties) = preSolution
		HideSolutionNode = FALSE
	EndGlobalSection
	GlobalSection(ExtensibilityGlobals) = postSolution
		SolutionGuid = {4C97708B-697E-4F3C-9AFE-25C72983A3A8}
	EndGlobalSection
EndGlobal
