Microsoft Visual Studio Solution File, Format Version 12.00
# Visual Studio Version 17
VisualStudioVersion = 17.5.2.0
MinimumVisualStudioVersion = 10.0.40219.1
Project("{FAE04EC0-301F-11D3-BF4B-00C04F79EFBC}") = "URI_1061", "URI_1061.csproj", "{FDF38BF6-C2BE-F934-8D0B-1B41EE2F5153}"
EndProject
Global
	GlobalSection(SolutionConfigurationPlatforms) = preSolution
		Debug|Any CPU = Debug|Any CPU
		Release|Any CPU = Release|Any CPU
	EndGlobalSection
	GlobalSection(ProjectConfigurationPlatforms) = postSolution
		{FDF38BF6-C2BE-F934-8D0B-1B41EE2F5153}.Debug|Any CPU.ActiveCfg = Debug|Any CPU
		{FDF38BF6-C2BE-F934-8D0B-1B41EE2F5153}.Debug|Any CPU.Build.0 = Debug|Any CPU
		{FDF38BF6-C2BE-F934-8D0B-1B41EE2F5153}.Release|Any CPU.ActiveCfg = Release|Any CPU
		{FDF38BF6-C2BE-F934-8D0B-1B41EE2F5153}.Release|Any CPU.Build.0 = Release|Any CPU
	EndGlobalSection
	GlobalSection(SolutionProperties) = preSolution
		HideSolutionNode = FALSE
	EndGlobalSection
	GlobalSection(ExtensibilityGlobals) = postSolution
		SolutionGuid = {7113F749-BB99-4496-BC41-4B030D6E606C}
	EndGlobalSection
EndGlobal
