Microsoft Visual Studio Solution File, Format Version 12.00
# Visual Studio Version 17
VisualStudioVersion = 17.5.2.0
MinimumVisualStudioVersion = 10.0.40219.1
Project("{FAE04EC0-301F-11D3-BF4B-00C04F79EFBC}") = "URI_1059", "URI_1059.csproj", "{DF1E225F-EEA0-6A36-C586-F683AD927120}"
EndProject
Global
	GlobalSection(SolutionConfigurationPlatforms) = preSolution
		Debug|Any CPU = Debug|Any CPU
		Release|Any CPU = Release|Any CPU
	EndGlobalSection
	GlobalSection(ProjectConfigurationPlatforms) = postSolution
		{DF1E225F-EEA0-6A36-C586-F683AD927120}.Debug|Any CPU.ActiveCfg = Debug|Any CPU
		{DF1E225F-EEA0-6A36-C586-F683AD927120}.Debug|Any CPU.Build.0 = Debug|Any CPU
		{DF1E225F-EEA0-6A36-C586-F683AD927120}.Release|Any CPU.ActiveCfg = Release|Any CPU
		{DF1E225F-EEA0-6A36-C586-F683AD927120}.Release|Any CPU.Build.0 = Release|Any CPU
	EndGlobalSection
	GlobalSection(SolutionProperties) = preSolution
		HideSolutionNode = FALSE
	EndGlobalSection
	GlobalSection(ExtensibilityGlobals) = postSolution
		SolutionGuid = {38A112FB-9598-42E0-A13C-760775A5E70F}
	EndGlobalSection
EndGlobal
