Microsoft Visual Studio Solution File, Format Version 12.00
# Visual Studio Version 17
VisualStudioVersion = 17.5.2.0
MinimumVisualStudioVersion = 10.0.40219.1
Project("{FAE04EC0-301F-11D3-BF4B-00C04F79EFBC}") = "URI_1048", "URI_1048.csproj", "{354E9CAF-9C1D-05A0-1C6B-73BBC7335D68}"
EndProject
Global
	GlobalSection(SolutionConfigurationPlatforms) = preSolution
		Debug|Any CPU = Debug|Any CPU
		Release|Any CPU = Release|Any CPU
	EndGlobalSection
	GlobalSection(ProjectConfigurationPlatforms) = postSolution
		{354E9CAF-9C1D-05A0-1C6B-73BBC7335D68}.Debug|Any CPU.ActiveCfg = Debug|Any CPU
		{354E9CAF-9C1D-05A0-1C6B-73BBC7335D68}.Debug|Any CPU.Build.0 = Debug|Any CPU
		{354E9CAF-9C1D-05A0-1C6B-73BBC7335D68}.Release|Any CPU.ActiveCfg = Release|Any CPU
		{354E9CAF-9C1D-05A0-1C6B-73BBC7335D68}.Release|Any CPU.Build.0 = Release|Any CPU
	EndGlobalSection
	GlobalSection(SolutionProperties) = preSolution
		HideSolutionNode = FALSE
	EndGlobalSection
	GlobalSection(ExtensibilityGlobals) = postSolution
		SolutionGuid = {7603190F-8C03-458F-9269-083D26AC26CD}
	EndGlobalSection
EndGlobal
