Microsoft Visual Studio Solution File, Format Version 12.00
# Visual Studio Version 17
VisualStudioVersion = 17.5.2.0
MinimumVisualStudioVersion = 10.0.40219.1
Project("{FAE04EC0-301F-11D3-BF4B-00C04F79EFBC}") = "URI_1052", "URI_1052.csproj", "{A1623CA5-5759-D27A-BCFC-4D3286250D1D}"
EndProject
Global
	GlobalSection(SolutionConfigurationPlatforms) = preSolution
		Debug|Any CPU = Debug|Any CPU
		Release|Any CPU = Release|Any CPU
	EndGlobalSection
	GlobalSection(ProjectConfigurationPlatforms) = postSolution
		{A1623CA5-5759-D27A-BCFC-4D3286250D1D}.Debug|Any CPU.ActiveCfg = Debug|Any CPU
		{A1623CA5-5759-D27A-BCFC-4D3286250D1D}.Debug|Any CPU.Build.0 = Debug|Any CPU
		{A1623CA5-5759-D27A-BCFC-4D3286250D1D}.Release|Any CPU.ActiveCfg = Release|Any CPU
		{A1623CA5-5759-D27A-BCFC-4D3286250D1D}.Release|Any CPU.Build.0 = Release|Any CPU
	EndGlobalSection
	GlobalSection(SolutionProperties) = preSolution
		HideSolutionNode = FALSE
	EndGlobalSection
	GlobalSection(ExtensibilityGlobals) = postSolution
		SolutionGuid = {9A3FCD5C-CC64-4E33-95EE-1B666F769B49}
	EndGlobalSection
EndGlobal
